<?xml version="1.0" encoding="utf-8"?>
<Project ToolsVersion="4.0" xmlns="http://schemas.microsoft.com/developer/msbuild/2003">
  <ItemGroup>
    <Filter Include="源文件">
      <UniqueIdentifier>{4FC737F1-C7A5-4376-A066-2A32D752A2FF}</UniqueIdentifier>
      <Extensions>cpp;c;cc;cxx;def;odl;idl;hpj;bat;asm;asmx</Extensions>
    </Filter>
    <Filter Include="头文件">
      <UniqueIdentifier>{93995380-89BD-4b04-88EB-625FBE52EBFB}</UniqueIdentifier>
      <Extensions>h;hh;hpp;hxx;hm;inl;inc;xsd</Extensions>
    </Filter>
    <Filter Include="资源文件">
      <UniqueIdentifier>{67DA6AB6-F800-4c08-8B7A-83BB121AAD01}</UniqueIdentifier>
      <Extensions>rc;ico;cur;bmp;dlg;rc2;rct;bin;rgs;gif;jpg;jpeg;jpe;resx;tiff;tif;png;wav;mfcribbon-ms</Extensions>
    </Filter>
  </ItemGroup>
  <ItemGroup>
    <Text Include="ReadMe.txt" />
  </ItemGroup>
  <ItemGroup>
    <ClInclude Include="CVTDBChannelEdit.h">
      <Filter>头文件</Filter>
    </ClInclude>
    <ClInclude Include="CVTDBChannelEditDlg.h">
      <Filter>头文件</Filter>
    </ClInclude>
    <ClInclude Include="stdafx.h">
      <Filter>头文件</Filter>
    </ClInclude>
    <ClInclude Include="targetver.h">
      <Filter>头文件</Filter>
    </ClInclude>
    <ClInclude Include="Resource.h">
      <Filter>头文件</Filter>
    </ClInclude>
    <ClInclude Include="sqlite3.h">
      <Filter>头文件</Filter>
    </ClInclude>
    <ClInclude Include="CVTDBUtil.h">
      <Filter>头文件</Filter>
    </ClInclude>
    <ClInclude Include="CVTEditDataDialog.h">
      <Filter>头文件</Filter>
    </ClInclude>
    <ClInclude Include="QuickEdit.h">
      <Filter>头文件</Filter>
    </ClInclude>
    <ClInclude Include="QuickList.h">
      <Filter>头文件</Filter>
    </ClInclude>
    <ClInclude Include="CharTranslate.h">
      <Filter>头文件</Filter>
    </ClInclude>
    <ClInclude Include="CVTDBEditAboutDialog.h">
      <Filter>头文件</Filter>
    </ClInclude>
  </ItemGroup>
  <ItemGroup>
    <ClCompile Include="CVTDBChannelEdit.cpp">
      <Filter>源文件</Filter>
    </ClCompile>
    <ClCompile Include="CVTDBChannelEditDlg.cpp">
      <Filter>源文件</Filter>
    </ClCompile>
    <ClCompile Include="stdafx.cpp">
      <Filter>源文件</Filter>
    </ClCompile>
    <ClCompile Include="CVTDBUtil.cpp">
      <Filter>源文件</Filter>
    </ClCompile>
    <ClCompile Include="CVTEditDataDialog.cpp">
      <Filter>源文件</Filter>
    </ClCompile>
    <ClCompile Include="QuickEdit.cpp">
      <Filter>源文件</Filter>
    </ClCompile>
    <ClCompile Include="QuickList.cpp">
      <Filter>源文件</Filter>
    </ClCompile>
    <ClCompile Include="CharTranslate.cpp">
      <Filter>源文件</Filter>
    </ClCompile>
    <ClCompile Include="CVTDBEditAboutDialog.cpp">
      <Filter>源文件</Filter>
    </ClCompile>
  </ItemGroup>
  <ItemGroup>
    <ResourceCompile Include="CVTDBChannelEdit.rc">
      <Filter>资源文件</Filter>
    </ResourceCompile>
  </ItemGroup>
  <ItemGroup>
    <None Include="res\CVTDBChannelEdit.rc2">
      <Filter>资源文件</Filter>
    </None>
  </ItemGroup>
  <ItemGroup>
    <Image Include="res\CVTDBChannelEdit.ico">
      <Filter>资源文件</Filter>
    </Image>
    <Image Include="res\ScreenCntSys.ico">
      <Filter>资源文件</Filter>
    </Image>
    <Image Include="res\CVTDBChannelEd.ico">
      <Filter>资源文件</Filter>
    </Image>
  </ItemGroup>
</Project>